{
  "version": "4",
  "specifiers": {
    "jsr:@cross/deepmerge@1": "1.0.0",
    "jsr:@cross/env@1": "1.0.2",
    "jsr:@cross/runtime@1": "1.1.0"
  },
  "jsr": {
    "@cross/deepmerge@1.0.0": {
      "integrity": "1e1318a74e31ba1959b9aa0acae8bd417b806f74ffd25ac07c90e12f83ad6b1d"
    },
    "@cross/env@1.0.2": {
      "integrity": "28501ad1043c218a5b00fe5db27ec62c01ab16371bbe1b9d738496f0a7c5eeb8",
      "dependencies": [
        "jsr:@cross/deepmerge",
        "jsr:@cross/runtime"
      ]
    },
    "@cross/runtime@1.1.0": {
      "integrity": "f35a3b768a9de125277329483b684062ffc9ee86f4449cb8b3d614adcad64ffb"
    }
  },
  "workspace": {
    "dependencies": [
      "jsr:@cross/env@1"
    ]
  }
}
