{
  "version": "3",
  "packages": {
    "specifiers": {
      "jsr:@cross/deepmerge@^1.0.0": "jsr:@cross/deepmerge@1.0.0",
      "jsr:@cross/env@^1.0.0": "jsr:@cross/env@1.0.0",
      "jsr:@cross/runtime@^1.0.0": "jsr:@cross/runtime@1.0.0"
    },
    "jsr": {
      "@cross/deepmerge@1.0.0": {
        "integrity": "1e1318a74e31ba1959b9aa0acae8bd417b806f74ffd25ac07c90e12f83ad6b1d"
      },
      "@cross/env@1.0.0": {
        "integrity": "1007d5bd0181a6766fe37b40f2f8feffdb1ccc1c176dd96d9d006916388b2c3e",
        "dependencies": [
          "jsr:@cross/deepmerge@^1.0.0",
          "jsr:@cross/runtime@^1.0.0"
        ]
      },
      "@cross/runtime@1.0.0": {
        "integrity": "dddecdf99182df13d50279d1e473f715e83d41961c5c22edd7bb0c4c3cf8a76a"
      }
    }
  },
  "remote": {},
  "workspace": {
    "dependencies": [
      "jsr:@cross/env@^1.0.0"
    ]
  }
}
